
Microsoft Visual Studio Solution File, Format Version 12.00
# Visual Studio 15
VisualStudioVersion = 15.0.27130.2036
MinimumVisualStudioVersion = 10.0.40219.1
Project("{FAE04EC0-301F-11D3-BF4B-00C04F79EFBC}") = "Opg01Variabler", "Opg01Variabler\Opg01Variabler.csproj", "{15FD711E-7B47-40F5-BF33-BE1232815230}"
EndProject
Project("{FAE04EC0-301F-11D3-BF4B-00C04F79EFBC}") = "Opg02Array", "Opg02Array\Opg02Array.csproj", "{FC9BA92D-5B85-4207-A24E-652A8EA26278}"
EndProject
Project("{FAE04EC0-301F-11D3-BF4B-00C04F79EFBC}") = "Opg03Strenge", "Opg03Strenge\Opg03Strenge.csproj", "{4F4D6097-F5A4-4F0E-BE03-A40A584F447D}"
EndProject
Project("{FAE04EC0-301F-11D3-BF4B-00C04F79EFBC}") = "Opg04SmaaOpgaver", "Opg04SmaaOpgaver\Opg04SmaaOpgaver.csproj", "{80363C74-D90B-4B69-B974-569E553BD327}"
EndProject
Global
	GlobalSection(SolutionConfigurationPlatforms) = preSolution
		Debug|Any CPU = Debug|Any CPU
		Release|Any CPU = Release|Any CPU
	EndGlobalSection
	GlobalSection(ProjectConfigurationPlatforms) = postSolution
		{15FD711E-7B47-40F5-BF33-BE1232815230}.Debug|Any CPU.ActiveCfg = Debug|Any CPU
		{15FD711E-7B47-40F5-BF33-BE1232815230}.Debug|Any CPU.Build.0 = Debug|Any CPU
		{15FD711E-7B47-40F5-BF33-BE1232815230}.Release|Any CPU.ActiveCfg = Release|Any CPU
		{15FD711E-7B47-40F5-BF33-BE1232815230}.Release|Any CPU.Build.0 = Release|Any CPU
		{FC9BA92D-5B85-4207-A24E-652A8EA26278}.Debug|Any CPU.ActiveCfg = Debug|Any CPU
		{FC9BA92D-5B85-4207-A24E-652A8EA26278}.Debug|Any CPU.Build.0 = Debug|Any CPU
		{FC9BA92D-5B85-4207-A24E-652A8EA26278}.Release|Any CPU.ActiveCfg = Release|Any CPU
		{FC9BA92D-5B85-4207-A24E-652A8EA26278}.Release|Any CPU.Build.0 = Release|Any CPU
		{4F4D6097-F5A4-4F0E-BE03-A40A584F447D}.Debug|Any CPU.ActiveCfg = Debug|Any CPU
		{4F4D6097-F5A4-4F0E-BE03-A40A584F447D}.Debug|Any CPU.Build.0 = Debug|Any CPU
		{4F4D6097-F5A4-4F0E-BE03-A40A584F447D}.Release|Any CPU.ActiveCfg = Release|Any CPU
		{4F4D6097-F5A4-4F0E-BE03-A40A584F447D}.Release|Any CPU.Build.0 = Release|Any CPU
		{80363C74-D90B-4B69-B974-569E553BD327}.Debug|Any CPU.ActiveCfg = Debug|Any CPU
		{80363C74-D90B-4B69-B974-569E553BD327}.Debug|Any CPU.Build.0 = Debug|Any CPU
		{80363C74-D90B-4B69-B974-569E553BD327}.Release|Any CPU.ActiveCfg = Release|Any CPU
		{80363C74-D90B-4B69-B974-569E553BD327}.Release|Any CPU.Build.0 = Release|Any CPU
	EndGlobalSection
	GlobalSection(SolutionProperties) = preSolution
		HideSolutionNode = FALSE
	EndGlobalSection
	GlobalSection(ExtensibilityGlobals) = postSolution
		SolutionGuid = {29F35836-61AD-444D-A055-DA35A6B02702}
	EndGlobalSection
EndGlobal
